%{"certifi": {:hex, :certifi, "0.3.0", "389d4b126a47895fe96d65fcf8681f4d09eca1153dc2243ed6babad0aac1e763", [:rebar3], []},
  "exactor": {:hex, :exactor, "2.2.0", "2a7418b82d974fe8276edd62c1facf4a9dc06339cdf11b5dcd10359e107fe5c3", [:mix], []},
  "exjsx": {:hex, :exjsx, "3.2.0", "7136cc739ace295fc74c378f33699e5145bead4fdc1b4799822d0287489136fb", [:mix], [{:jsx, "~> 2.6.2", [hex: :jsx, optional: false]}]},
  "exvcr": {:hex, :exvcr, "0.7.0", "fad681252c72a45a2c6b31f189bb650ea0c9efa2d0b51ceb52689c42e9cdecf7", [:mix], [{:meck, "~> 0.8.3", [hex: :meck, optional: false]}, {:httpotion, "~> 2.1", [hex: :httpotion, optional: true]}, {:httpoison, "~> 0.8", [hex: :httpoison, optional: true]}, {:exjsx, "~> 3.2", [hex: :exjsx, optional: false]}, {:exactor, "~> 2.2", [hex: :exactor, optional: false]}]},
  "hackney": {:hex, :hackney, "1.4.8", "c8c6977ed55cc5095e3929f6d94a6f732dd2e31ae42a7b9236d5574ec3f5be13", [:rebar3], [{:ssl_verify_hostname, "1.0.5", [hex: :ssl_verify_hostname, optional: false]}, {:mimerl, "1.0.2", [hex: :mimerl, optional: false]}, {:idna, "1.0.3", [hex: :idna, optional: false]}, {:certifi, "0.3.0", [hex: :certifi, optional: false]}]},
  "httpoison": {:hex, :httpoison, "0.8.0", "52a958d40b2aa46da418cdf6d8dfd82ba83e94d5e60920dfa5f40c05b34fe073", [:mix], [{:hackney, "~> 1.4.4", [hex: :hackney, optional: false]}]},
  "idna": {:hex, :idna, "1.0.3", "d456a8761cad91c97e9788c27002eb3b773adaf5c893275fc35ba4e3434bbd9b", [:rebar3], []},
  "jsx": {:hex, :jsx, "2.6.2", "213721e058da0587a4bce3cc8a00ff6684ced229c8f9223245c6ff2c88fbaa5a", [:mix, :rebar], []},
  "meck": {:hex, :meck, "0.8.4", "59ca1cd971372aa223138efcf9b29475bde299e1953046a0c727184790ab1520", [:rebar, :make], []},
  "mimerl": {:hex, :mimerl, "1.0.2", "993f9b0e084083405ed8252b99460c4f0563e41729ab42d9074fd5e52439be88", [:rebar3], []},
  "poison": {:hex, :poison, "2.1.0", "f583218ced822675e484648fa26c933d621373f01c6c76bd00005d7bd4b82e27", [:mix], []},
  "ssl_verify_hostname": {:hex, :ssl_verify_hostname, "1.0.5", "2e73e068cd6393526f9fa6d399353d7c9477d6886ba005f323b592d389fb47be", [:make], []}}
